# This file is automatically @generated by Cargo.
# It is not intended for manual editing.
version = 4

[[package]]
name = "anyhow"
version = "1.0.104"
source = "registry+https://github.com/rust-lang/crates.io-index"
checksum = "330a5ed07fa54e4702c9d6c4174f74427fc0ef6e214bbd677ae50a5099946470"

[[package]]
name = "boop-mux"
version = "0.1.0"
dependencies = [
 "anyhow",
 "tmux_interface",
]

[[package]]
name = "tmux_interface"
version = "0.4.0"
source = "registry+https://github.com/rust-lang/crates.io-index"
checksum = "7fb02603b24fb7fe7ad0fd11653bee5abf9cf4a9883b3618daaed2a6338d8288"
